// !$*UTF8*$!
{
	archiveVersion = 1;
	classes = {
	};
	objectVersion = 50;
	objects = {

/* Begin PBXBuildFile section */
		232595F023C7F1EE0093C56D /* main.cpp in Sources */ = {isa = PBXBuildFile; fileRef = 232595EF23C7F1EE0093C56D /* main.cpp */; };
		232595F823C7F20A0093C56D /* Vampire.cpp in Sources */ = {isa = PBXBuildFile; fileRef = 232595F623C7F20A0093C56D /* Vampire.cpp */; };
		232595FB23C7F2B10093C56D /* Player.cpp in Sources */ = {isa = PBXBuildFile; fileRef = 232595F923C7F2B10093C56D /* Player.cpp */; };
		232595FE23C7F3530093C56D /* Arena.cpp in Sources */ = {isa = PBXBuildFile; fileRef = 232595FC23C7F3530093C56D /* Arena.cpp */; };
		2325960123C7F3B00093C56D /* utilities.cpp in Sources */ = {isa = PBXBuildFile; fileRef = 232595FF23C7F3B00093C56D /* utilities.cpp */; };
		2325960423C7F43D0093C56D /* Game.cpp in Sources */ = {isa = PBXBuildFile; fileRef = 2325960223C7F43D0093C56D /* Game.cpp */; };
		2325960723C7FA150093C56D /* History.cpp in Sources */ = {isa = PBXBuildFile; fileRef = 2325960523C7FA150093C56D /* History.cpp */; };
/* End PBXBuildFile section */

/* Begin PBXCopyFilesBuildPhase section */
		232595EA23C7F1EE0093C56D /* CopyFiles */ = {
			isa = PBXCopyFilesBuildPhase;
			buildActionMask = 2147483647;
			dstPath = /usr/share/man/man1/;
			dstSubfolderSpec = 0;
			files = (
			);
			runOnlyForDeploymentPostprocessing = 1;
		};
/* End PBXCopyFilesBuildPhase section */

/* Begin PBXFileReference section */
		232595EC23C7F1EE0093C56D /* Proj1_BadBlood */ = {isa = PBXFileReference; explicitFileType = "compiled.mach-o.executable"; includeInIndex = 0; path = Proj1_BadBlood; sourceTree = BUILT_PRODUCTS_DIR; };
		232595EF23C7F1EE0093C56D /* main.cpp */ = {isa = PBXFileReference; lastKnownFileType = sourcecode.cpp.cpp; path = main.cpp; sourceTree = "<group>"; };
		232595F623C7F20A0093C56D /* Vampire.cpp */ = {isa = PBXFileReference; lastKnownFileType = sourcecode.cpp.cpp; path = Vampire.cpp; sourceTree = "<group>"; };
		232595F723C7F20A0093C56D /* Vampire.h */ = {isa = PBXFileReference; lastKnownFileType = sourcecode.c.h; path = Vampire.h; sourceTree = "<group>"; };
		232595F923C7F2B10093C56D /* Player.cpp */ = {isa = PBXFileReference; lastKnownFileType = sourcecode.cpp.cpp; path = Player.cpp; sourceTree = "<group>"; };
		232595FA23C7F2B10093C56D /* Player.h */ = {isa = PBXFileReference; lastKnownFileType = sourcecode.c.h; path = Player.h; sourceTree = "<group>"; };
		232595FC23C7F3530093C56D /* Arena.cpp */ = {isa = PBXFileReference; lastKnownFileType = sourcecode.cpp.cpp; path = Arena.cpp; sourceTree = "<group>"; };
		232595FD23C7F3530093C56D /* Arena.h */ = {isa = PBXFileReference; lastKnownFileType = sourcecode.c.h; path = Arena.h; sourceTree = "<group>"; };
		232595FF23C7F3B00093C56D /* utilities.cpp */ = {isa = PBXFileReference; lastKnownFileType = sourcecode.cpp.cpp; path = utilities.cpp; sourceTree = "<group>"; };
		2325960023C7F3B00093C56D /* globals.h */ = {isa = PBXFileReference; lastKnownFileType = sourcecode.c.h; path = globals.h; sourceTree = "<group>"; };
		2325960223C7F43D0093C56D /* Game.cpp */ = {isa = PBXFileReference; lastKnownFileType = sourcecode.cpp.cpp; path = Game.cpp; sourceTree = "<group>"; };
		2325960323C7F43D0093C56D /* Game.h */ = {isa = PBXFileReference; lastKnownFileType = sourcecode.c.h; path = Game.h; sourceTree = "<group>"; };
		2325960523C7FA150093C56D /* History.cpp */ = {isa = PBXFileReference; lastKnownFileType = sourcecode.cpp.cpp; path = History.cpp; sourceTree = "<group>"; };
		2325960623C7FA150093C56D /* History.h */ = {isa = PBXFileReference; lastKnownFileType = sourcecode.c.h; path = History.h; sourceTree = "<group>"; };
/* End PBXFileReference section */

/* Begin PBXFrameworksBuildPhase section */
		232595E923C7F1EE0093C56D /* Frameworks */ = {
			isa = PBXFrameworksBuildPhase;
			buildActionMask = 2147483647;
			files = (
			);
			runOnlyForDeploymentPostprocessing = 0;
		};
/* End PBXFrameworksBuildPhase section */

/* Begin PBXGroup section */
		232595E323C7F1EE0093C56D = {
			isa = PBXGroup;
			children = (
				232595EE23C7F1EE0093C56D /* Proj1_BadBlood */,
				232595ED23C7F1EE0093C56D /* Products */,
			);
			sourceTree = "<group>";
		};
		232595ED23C7F1EE0093C56D /* Products */ = {
			isa = PBXGroup;
			children = (
				232595EC23C7F1EE0093C56D /* Proj1_BadBlood */,
			);
			name = Products;
			sourceTree = "<group>";
		};
		232595EE23C7F1EE0093C56D /* Proj1_BadBlood */ = {
			isa = PBXGroup;
			children = (
				232595EF23C7F1EE0093C56D /* main.cpp */,
				232595F923C7F2B10093C56D /* Player.cpp */,
				232595FA23C7F2B10093C56D /* Player.h */,
				232595F623C7F20A0093C56D /* Vampire.cpp */,
				232595F723C7F20A0093C56D /* Vampire.h */,
				232595FC23C7F3530093C56D /* Arena.cpp */,
				232595FD23C7F3530093C56D /* Arena.h */,
				2325960223C7F43D0093C56D /* Game.cpp */,
				2325960323C7F43D0093C56D /* Game.h */,
				232595FF23C7F3B00093C56D /* utilities.cpp */,
				2325960023C7F3B00093C56D /* globals.h */,
				2325960523C7FA150093C56D /* History.cpp */,
				2325960623C7FA150093C56D /* History.h */,
			);
			path = Proj1_BadBlood;
			sourceTree = "<group>";
		};
/* End PBXGroup section */

/* Begin PBXNativeTarget section */
		232595EB23C7F1EE0093C56D /* Proj1_BadBlood */ = {
			isa = PBXNativeTarget;
			buildConfigurationList = 232595F323C7F1EE0093C56D /* Build configuration list for PBXNativeTarget "Proj1_BadBlood" */;
			buildPhases = (
				232595E823C7F1EE0093C56D /* Sources */,
				232595E923C7F1EE0093C56D /* Frameworks */,
				232595EA23C7F1EE0093C56D /* CopyFiles */,
			);
			buildRules = (
			);
			dependencies = (
			);
			name = Proj1_BadBlood;
			productName = Proj1_BadBlood;
			productReference = 232595EC23C7F1EE0093C56D /* Proj1_BadBlood */;
			productType = "com.apple.product-type.tool";
		};
/* End PBXNativeTarget section */

/* Begin PBXProject section */
		232595E423C7F1EE0093C56D /* Project object */ = {
			isa = PBXProject;
			attributes = {
				LastUpgradeCheck = 1100;
				ORGANIZATIONNAME = "Mitchell McLinton";
				TargetAttributes = {
					232595EB23C7F1EE0093C56D = {
						CreatedOnToolsVersion = 11.0;
					};
				};
			};
			buildConfigurationList = 232595E723C7F1EE0093C56D /* Build configuration list for PBXProject "Proj1_BadBlood" */;
			compatibilityVersion = "Xcode 9.3";
			developmentRegion = en;
			hasScannedForEncodings = 0;
			knownRegions = (
				en,
				Base,
			);
			mainGroup = 232595E323C7F1EE0093C56D;
			productRefGroup = 232595ED23C7F1EE0093C56D /* Products */;
			projectDirPath = "";
			projectRoot = "";
			targets = (
				232595EB23C7F1EE0093C56D /* Proj1_BadBlood */,
			);
		};
/* End PBXProject section */

/* Begin PBXSourcesBuildPhase section */
		232595E823C7F1EE0093C56D /* Sources */ = {
			isa = PBXSourcesBuildPhase;
			buildActionMask = 2147483647;
			files = (
				232595F823C7F20A0093C56D /* Vampire.cpp in Sources */,
				232595FE23C7F3530093C56D /* Arena.cpp in Sources */,
				2325960123C7F3B00093C56D /* utilities.cpp in Sources */,
				2325960423C7F43D0093C56D /* Game.cpp in Sources */,
				232595F023C7F1EE0093C56D /* main.cpp in Sources */,
				232595FB23C7F2B10093C56D /* Player.cpp in Sources */,
				2325960723C7FA150093C56D /* History.cpp in Sources */,
			);
			runOnlyForDeploymentPostprocessing = 0;
		};
/* End PBXSourcesBuildPhase section */

/* Begin XCBuildConfiguration section */
		232595F123C7F1EE0093C56D /* Debug */ = {
			isa = XCBuildConfiguration;
			buildSettings = {
				ALWAYS_SEARCH_USER_PATHS = NO;
				CLANG_ANALYZER_NONNULL = YES;
				CLANG_ANALYZER_NUMBER_OBJECT_CONVERSION = YES_AGGRESSIVE;
				CLANG_CXX_LANGUAGE_STANDARD = "gnu++14";
				CLANG_CXX_LIBRARY = "libc++";
				CLANG_ENABLE_MODULES = YES;
				CLANG_ENABLE_OBJC_ARC = YES;
				CLANG_ENABLE_OBJC_WEAK = YES;
				CLANG_WARN_BLOCK_CAPTURE_AUTORELEASING = YES;
				CLANG_WARN_BOOL_CONVERSION = YES;
				CLANG_WARN_COMMA = YES;
				CLANG_WARN_CONSTANT_CONVERSION = YES;
				CLANG_WARN_DEPRECATED_OBJC_IMPLEMENTATIONS = YES;
				CLANG_WARN_DIRECT_OBJC_ISA_USAGE = YES_ERROR;
				CLANG_WARN_DOCUMENTATION_COMMENTS = YES;
				CLANG_WARN_EMPTY_BODY = YES;
				CLANG_WARN_ENUM_CONVERSION = YES;
				CLANG_WARN_INFINITE_RECURSION = YES;
				CLANG_WARN_INT_CONVERSION = YES;
				CLANG_WARN_NON_LITERAL_NULL_CONVERSION = YES;
				CLANG_WARN_OBJC_IMPLICIT_RETAIN_SELF = YES;
				CLANG_WARN_OBJC_LITERAL_CONVERSION = YES;
				CLANG_WARN_OBJC_ROOT_CLASS = YES_ERROR;
				CLANG_WARN_RANGE_LOOP_ANALYSIS = YES;
				CLANG_WARN_STRICT_PROTOTYPES = YES;
				CLANG_WARN_SUSPICIOUS_MOVE = YES;
				CLANG_WARN_UNGUARDED_AVAILABILITY = YES_AGGRESSIVE;
				CLANG_WARN_UNREACHABLE_CODE = YES;
				CLANG_WARN__DUPLICATE_METHOD_MATCH = YES;
				COPY_PHASE_STRIP = NO;
				DEBUG_INFORMATION_FORMAT = dwarf;
				ENABLE_STRICT_OBJC_MSGSEND = YES;
				ENABLE_TESTABILITY = YES;
				GCC_C_LANGUAGE_STANDARD = gnu11;
				GCC_DYNAMIC_NO_PIC = NO;
				GCC_NO_COMMON_BLOCKS = YES;
				GCC_OPTIMIZATION_LEVEL = 0;
				GCC_PREPROCESSOR_DEFINITIONS = (
					"DEBUG=1",
					"$(inherited)",
				);
				GCC_WARN_64_TO_32_BIT_CONVERSION = YES;
				GCC_WARN_ABOUT_RETURN_TYPE = YES_ERROR;
				GCC_WARN_UNDECLARED_SELECTOR = YES;
				GCC_WARN_UNINITIALIZED_AUTOS = YES_AGGRESSIVE;
				GCC_WARN_UNUSED_FUNCTION = YES;
				GCC_WARN_UNUSED_VARIABLE = YES;
				MACOSX_DEPLOYMENT_TARGET = 10.15;
				MTL_ENABLE_DEBUG_INFO = INCLUDE_SOURCE;
				MTL_FAST_MATH = YES;
				ONLY_ACTIVE_ARCH = YES;
				SDKROOT = macosx;
			};
			name = Debug;
		};
		232595F223C7F1EE0093C56D /* Release */ = {
			isa = XCBuildConfiguration;
			buildSettings = {
				ALWAYS_SEARCH_USER_PATHS = NO;
				CLANG_ANALYZER_NONNULL = YES;
				CLANG_ANALYZER_NUMBER_OBJECT_CONVERSION = YES_AGGRESSIVE;
				CLANG_CXX_LANGUAGE_STANDARD = "gnu++14";
				CLANG_CXX_LIBRARY = "libc++";
				CLANG_ENABLE_MODULES = YES;
				CLANG_ENABLE_OBJC_ARC = YES;
				CLANG_ENABLE_OBJC_WEAK = YES;
				CLANG_WARN_BLOCK_CAPTURE_AUTORELEASING = YES;
				CLANG_WARN_BOOL_CONVERSION = YES;
				CLANG_WARN_COMMA = YES;
				CLANG_WARN_CONSTANT_CONVERSION = YES;
				CLANG_WARN_DEPRECATED_OBJC_IMPLEMENTATIONS = YES;
				CLANG_WARN_DIRECT_OBJC_ISA_USAGE = YES_ERROR;
				CLANG_WARN_DOCUMENTATION_COMMENTS = YES;
				CLANG_WARN_EMPTY_BODY = YES;
				CLANG_WARN_ENUM_CONVERSION = YES;
				CLANG_WARN_INFINITE_RECURSION = YES;
				CLANG_WARN_INT_CONVERSION = YES;
				CLANG_WARN_NON_LITERAL_NULL_CONVERSION = YES;
				CLANG_WARN_OBJC_IMPLICIT_RETAIN_SELF = YES;
				CLANG_WARN_OBJC_LITERAL_CONVERSION = YES;
				CLANG_WARN_OBJC_ROOT_CLASS = YES_ERROR;
				CLANG_WARN_RANGE_LOOP_ANALYSIS = YES;
				CLANG_WARN_STRICT_PROTOTYPES = YES;
				CLANG_WARN_SUSPICIOUS_MOVE = YES;
				CLANG_WARN_UNGUARDED_AVAILABILITY = YES_AGGRESSIVE;
				CLANG_WARN_UNREACHABLE_CODE = YES;
				CLANG_WARN__DUPLICATE_METHOD_MATCH = YES;
				COPY_PHASE_STRIP = NO;
				DEBUG_INFORMATION_FORMAT = "dwarf-with-dsym";
				ENABLE_NS_ASSERTIONS = NO;
				ENABLE_STRICT_OBJC_MSGSEND = YES;
				GCC_C_LANGUAGE_STANDARD = gnu11;
				GCC_NO_COMMON_BLOCKS = YES;
				GCC_WARN_64_TO_32_BIT_CONVERSION = YES;
				GCC_WARN_ABOUT_RETURN_TYPE = YES_ERROR;
				GCC_WARN_UNDECLARED_SELECTOR = YES;
				GCC_WARN_UNINITIALIZED_AUTOS = YES_AGGRESSIVE;
				GCC_WARN_UNUSED_FUNCTION = YES;
				GCC_WARN_UNUSED_VARIABLE = YES;
				MACOSX_DEPLOYMENT_TARGET = 10.15;
				MTL_ENABLE_DEBUG_INFO = NO;
				MTL_FAST_MATH = YES;
				SDKROOT = macosx;
			};
			name = Release;
		};
		232595F423C7F1EE0093C56D /* Debug */ = {
			isa = XCBuildConfiguration;
			buildSettings = {
				CODE_SIGN_STYLE = Automatic;
				DEVELOPMENT_TEAM = 746MMXS8TU;
				ENABLE_HARDENED_RUNTIME = YES;
				PRODUCT_NAME = "$(TARGET_NAME)";
			};
			name = Debug;
		};
		232595F523C7F1EE0093C56D /* Release */ = {
			isa = XCBuildConfiguration;
			buildSettings = {
				CODE_SIGN_STYLE = Automatic;
				DEVELOPMENT_TEAM = 746MMXS8TU;
				ENABLE_HARDENED_RUNTIME = YES;
				PRODUCT_NAME = "$(TARGET_NAME)";
			};
			name = Release;
		};
/* End XCBuildConfiguration section */

/* Begin XCConfigurationList section */
		232595E723C7F1EE0093C56D /* Build configuration list for PBXProject "Proj1_BadBlood" */ = {
			isa = XCConfigurationList;
			buildConfigurations = (
				232595F123C7F1EE0093C56D /* Debug */,
				232595F223C7F1EE0093C56D /* Release */,
			);
			defaultConfigurationIsVisible = 0;
			defaultConfigurationName = Release;
		};
		232595F323C7F1EE0093C56D /* Build configuration list for PBXNativeTarget "Proj1_BadBlood" */ = {
			isa = XCConfigurationList;
			buildConfigurations = (
				232595F423C7F1EE0093C56D /* Debug */,
				232595F523C7F1EE0093C56D /* Release */,
			);
			defaultConfigurationIsVisible = 0;
			defaultConfigurationName = Release;
		};
/* End XCConfigurationList section */
	};
	rootObject = 232595E423C7F1EE0093C56D /* Project object */;
}
